
Microsoft Visual Studio Solution File, Format Version 12.00
# Visual Studio Version 17
VisualStudioVersion = 17.13.35806.99 d17.13
MinimumVisualStudioVersion = 10.0.40219.1
Project("{FAE04EC0-301F-11D3-BF4B-00C04F79EFBC}") = "ADA_Week3", "ADA_Week3.csproj", "{33C64631-F7E2-4E16-9748-E5F5CC1D6C7F}"
EndProject
Global
	GlobalSection(SolutionConfigurationPlatforms) = preSolution
		Debug|Any CPU = Debug|Any CPU
		Release|Any CPU = Release|Any CPU
	EndGlobalSection
	GlobalSection(ProjectConfigurationPlatforms) = postSolution
		{33C64631-F7E2-4E16-9748-E5F5CC1D6C7F}.Debug|Any CPU.ActiveCfg = Debug|Any CPU
		{33C64631-F7E2-4E16-9748-E5F5CC1D6C7F}.Debug|Any CPU.Build.0 = Debug|Any CPU
		{33C64631-F7E2-4E16-9748-E5F5CC1D6C7F}.Release|Any CPU.ActiveCfg = Release|Any CPU
		{33C64631-F7E2-4E16-9748-E5F5CC1D6C7F}.Release|Any CPU.Build.0 = Release|Any CPU
	EndGlobalSection
	GlobalSection(SolutionProperties) = preSolution
		HideSolutionNode = FALSE
	EndGlobalSection
	GlobalSection(ExtensibilityGlobals) = postSolution
		SolutionGuid = {BF56F3C4-C146-4D5E-B42D-B467221E0BF0}
	EndGlobalSection
EndGlobal
